
Microsoft Visual Studio Solution File, Format Version 12.00
# Visual Studio Version 17
VisualStudioVersion = 17.11.35312.102
MinimumVisualStudioVersion = 10.0.40219.1
Project("{FAE04EC0-301F-11D3-BF4B-00C04F79EFBC}") = "QuanLyLamDep", "QuanLyLamDep\QuanLyLamDep.csproj", "{5C32CFB3-297A-4D42-9A9E-1386A86CE1E9}"
EndProject
Global
	GlobalSection(SolutionConfigurationPlatforms) = preSolution
		Debug|Any CPU = Debug|Any CPU
		Release|Any CPU = Release|Any CPU
	EndGlobalSection
	GlobalSection(ProjectConfigurationPlatforms) = postSolution
		{5C32CFB3-297A-4D42-9A9E-1386A86CE1E9}.Debug|Any CPU.ActiveCfg = Debug|Any CPU
		{5C32CFB3-297A-4D42-9A9E-1386A86CE1E9}.Debug|Any CPU.Build.0 = Debug|Any CPU
		{5C32CFB3-297A-4D42-9A9E-1386A86CE1E9}.Release|Any CPU.ActiveCfg = Release|Any CPU
		{5C32CFB3-297A-4D42-9A9E-1386A86CE1E9}.Release|Any CPU.Build.0 = Release|Any CPU
	EndGlobalSection
	GlobalSection(SolutionProperties) = preSolution
		HideSolutionNode = FALSE
	EndGlobalSection
	GlobalSection(ExtensibilityGlobals) = postSolution
		SolutionGuid = {4B5C4A58-F5DC-4D4C-867C-A113CCB2BEDA}
	EndGlobalSection
EndGlobal
